
Microsoft Visual Studio Solution File, Format Version 12.00
# Visual Studio Version 16
VisualStudioVersion = 16.0.28803.156
MinimumVisualStudioVersion = 10.0.40219.1
Project("{9A19103F-16F7-4668-BE54-9A1E7A4F7556}") = "MAL.DAL", "MAL.DAL\MAL.DAL.csproj", "{24333F35-82D6-4BE8-8C95-4F31A534A520}"
EndProject
Project("{9A19103F-16F7-4668-BE54-9A1E7A4F7556}") = "MAL.DTO", "MAL.DTO\MAL.DTO.csproj", "{F7F71BD1-CE6E-4B00-9FA5-BE18EA5BCEA5}"
	ProjectSection(ProjectDependencies) = postProject
		{24333F35-82D6-4BE8-8C95-4F31A534A520} = {24333F35-82D6-4BE8-8C95-4F31A534A520}
	EndProjectSection
EndProject
Project("{9A19103F-16F7-4668-BE54-9A1E7A4F7556}") = "MAL.Services", "MAL.Services\MAL.Services.csproj", "{B6DBA133-2CA5-4F0F-90FB-5B72ACD961D6}"
	ProjectSection(ProjectDependencies) = postProject
		{24333F35-82D6-4BE8-8C95-4F31A534A520} = {24333F35-82D6-4BE8-8C95-4F31A534A520}
	EndProjectSection
EndProject
Project("{9A19103F-16F7-4668-BE54-9A1E7A4F7556}") = "MAL.WebAPI", "MAL.WebAPI\MAL.WebAPI.csproj", "{3964FE6D-B2E3-4958-A5F2-C12043121ED2}"
	ProjectSection(ProjectDependencies) = postProject
		{B6DBA133-2CA5-4F0F-90FB-5B72ACD961D6} = {B6DBA133-2CA5-4F0F-90FB-5B72ACD961D6}
		{5119B171-F54B-4A83-8D79-5E73A8D162D9} = {5119B171-F54B-4A83-8D79-5E73A8D162D9}
		{F7F71BD1-CE6E-4B00-9FA5-BE18EA5BCEA5} = {F7F71BD1-CE6E-4B00-9FA5-BE18EA5BCEA5}
	EndProjectSection
EndProject
Project("{9A19103F-16F7-4668-BE54-9A1E7A4F7556}") = "MAL.Swagger", "MAL.Swagger\MAL.Swagger.csproj", "{0F12F771-0760-426F-BCA0-2CD614C6FB16}"
EndProject
Project("{9A19103F-16F7-4668-BE54-9A1E7A4F7556}") = "MAL.Common", "MAL.Common\MAL.Common.csproj", "{5119B171-F54B-4A83-8D79-5E73A8D162D9}"
EndProject
Project("{9A19103F-16F7-4668-BE54-9A1E7A4F7556}") = "MAL.TEst", "MAL.TEst\MAL.TEst.csproj", "{8AF7CF7D-7B9C-4E25-96DA-31529A675268}"
EndProject
Project("{9A19103F-16F7-4668-BE54-9A1E7A4F7556}") = "MAL.WebAPI.Tests", "MAL.WebAPI.Tests\MAL.WebAPI.Tests.csproj", "{A09A958E-765C-453E-B658-2C5CB81B1277}"
EndProject
Project("{9A19103F-16F7-4668-BE54-9A1E7A4F7556}") = "MAL.TEst.Tests", "MAL.TEst.Tests\MAL.TEst.Tests.csproj", "{39A23974-716F-41D9-ACB7-BEFB195530E9}"
EndProject
Project("{9A19103F-16F7-4668-BE54-9A1E7A4F7556}") = "MAL.Migrations", "MAL.Migrations\MAL.Migrations.csproj", "{4338B742-FC88-4626-8D67-0231EA9BA06E}"
EndProject
Project("{FAE04EC0-301F-11D3-BF4B-00C04F79EFBC}") = "MAL.Email", "MAL.Email\MAL.Email.csproj", "{FAC2D623-D548-4470-9AC2-1C2A4C56C54B}"
EndProject
Global
	GlobalSection(SolutionConfigurationPlatforms) = preSolution
		Debug|Any CPU = Debug|Any CPU
		Release|Any CPU = Release|Any CPU
	EndGlobalSection
	GlobalSection(ProjectConfigurationPlatforms) = postSolution
		{24333F35-82D6-4BE8-8C95-4F31A534A520}.Debug|Any CPU.ActiveCfg = Debug|Any CPU
		{24333F35-82D6-4BE8-8C95-4F31A534A520}.Debug|Any CPU.Build.0 = Debug|Any CPU
		{24333F35-82D6-4BE8-8C95-4F31A534A520}.Release|Any CPU.ActiveCfg = Release|Any CPU
		{24333F35-82D6-4BE8-8C95-4F31A534A520}.Release|Any CPU.Build.0 = Release|Any CPU
		{F7F71BD1-CE6E-4B00-9FA5-BE18EA5BCEA5}.Debug|Any CPU.ActiveCfg = Debug|Any CPU
		{F7F71BD1-CE6E-4B00-9FA5-BE18EA5BCEA5}.Debug|Any CPU.Build.0 = Debug|Any CPU
		{F7F71BD1-CE6E-4B00-9FA5-BE18EA5BCEA5}.Release|Any CPU.ActiveCfg = Release|Any CPU
		{F7F71BD1-CE6E-4B00-9FA5-BE18EA5BCEA5}.Release|Any CPU.Build.0 = Release|Any CPU
		{B6DBA133-2CA5-4F0F-90FB-5B72ACD961D6}.Debug|Any CPU.ActiveCfg = Debug|Any CPU
		{B6DBA133-2CA5-4F0F-90FB-5B72ACD961D6}.Debug|Any CPU.Build.0 = Debug|Any CPU
		{B6DBA133-2CA5-4F0F-90FB-5B72ACD961D6}.Release|Any CPU.ActiveCfg = Release|Any CPU
		{B6DBA133-2CA5-4F0F-90FB-5B72ACD961D6}.Release|Any CPU.Build.0 = Release|Any CPU
		{3964FE6D-B2E3-4958-A5F2-C12043121ED2}.Debug|Any CPU.ActiveCfg = Debug|Any CPU
		{3964FE6D-B2E3-4958-A5F2-C12043121ED2}.Debug|Any CPU.Build.0 = Debug|Any CPU
		{3964FE6D-B2E3-4958-A5F2-C12043121ED2}.Release|Any CPU.ActiveCfg = Release|Any CPU
		{3964FE6D-B2E3-4958-A5F2-C12043121ED2}.Release|Any CPU.Build.0 = Release|Any CPU
		{0F12F771-0760-426F-BCA0-2CD614C6FB16}.Debug|Any CPU.ActiveCfg = Debug|Any CPU
		{0F12F771-0760-426F-BCA0-2CD614C6FB16}.Debug|Any CPU.Build.0 = Debug|Any CPU
		{0F12F771-0760-426F-BCA0-2CD614C6FB16}.Release|Any CPU.ActiveCfg = Release|Any CPU
		{0F12F771-0760-426F-BCA0-2CD614C6FB16}.Release|Any CPU.Build.0 = Release|Any CPU
		{5119B171-F54B-4A83-8D79-5E73A8D162D9}.Debug|Any CPU.ActiveCfg = Debug|Any CPU
		{5119B171-F54B-4A83-8D79-5E73A8D162D9}.Debug|Any CPU.Build.0 = Debug|Any CPU
		{5119B171-F54B-4A83-8D79-5E73A8D162D9}.Release|Any CPU.ActiveCfg = Release|Any CPU
		{5119B171-F54B-4A83-8D79-5E73A8D162D9}.Release|Any CPU.Build.0 = Release|Any CPU
		{8AF7CF7D-7B9C-4E25-96DA-31529A675268}.Debug|Any CPU.ActiveCfg = Debug|Any CPU
		{8AF7CF7D-7B9C-4E25-96DA-31529A675268}.Debug|Any CPU.Build.0 = Debug|Any CPU
		{8AF7CF7D-7B9C-4E25-96DA-31529A675268}.Release|Any CPU.ActiveCfg = Release|Any CPU
		{8AF7CF7D-7B9C-4E25-96DA-31529A675268}.Release|Any CPU.Build.0 = Release|Any CPU
		{A09A958E-765C-453E-B658-2C5CB81B1277}.Debug|Any CPU.ActiveCfg = Debug|Any CPU
		{A09A958E-765C-453E-B658-2C5CB81B1277}.Debug|Any CPU.Build.0 = Debug|Any CPU
		{A09A958E-765C-453E-B658-2C5CB81B1277}.Release|Any CPU.ActiveCfg = Release|Any CPU
		{A09A958E-765C-453E-B658-2C5CB81B1277}.Release|Any CPU.Build.0 = Release|Any CPU
		{39A23974-716F-41D9-ACB7-BEFB195530E9}.Debug|Any CPU.ActiveCfg = Debug|Any CPU
		{39A23974-716F-41D9-ACB7-BEFB195530E9}.Debug|Any CPU.Build.0 = Debug|Any CPU
		{39A23974-716F-41D9-ACB7-BEFB195530E9}.Release|Any CPU.ActiveCfg = Release|Any CPU
		{39A23974-716F-41D9-ACB7-BEFB195530E9}.Release|Any CPU.Build.0 = Release|Any CPU
		{4338B742-FC88-4626-8D67-0231EA9BA06E}.Debug|Any CPU.ActiveCfg = Debug|Any CPU
		{4338B742-FC88-4626-8D67-0231EA9BA06E}.Debug|Any CPU.Build.0 = Debug|Any CPU
		{4338B742-FC88-4626-8D67-0231EA9BA06E}.Release|Any CPU.ActiveCfg = Release|Any CPU
		{4338B742-FC88-4626-8D67-0231EA9BA06E}.Release|Any CPU.Build.0 = Release|Any CPU
		{FAC2D623-D548-4470-9AC2-1C2A4C56C54B}.Debug|Any CPU.ActiveCfg = Debug|Any CPU
		{FAC2D623-D548-4470-9AC2-1C2A4C56C54B}.Debug|Any CPU.Build.0 = Debug|Any CPU
		{FAC2D623-D548-4470-9AC2-1C2A4C56C54B}.Release|Any CPU.ActiveCfg = Release|Any CPU
		{FAC2D623-D548-4470-9AC2-1C2A4C56C54B}.Release|Any CPU.Build.0 = Release|Any CPU
	EndGlobalSection
	GlobalSection(SolutionProperties) = preSolution
		HideSolutionNode = FALSE
	EndGlobalSection
	GlobalSection(ExtensibilityGlobals) = postSolution
		SolutionGuid = {134BD941-4C35-4AF8-AC5A-DE240A442BEC}
	EndGlobalSection
EndGlobal
